
Microsoft Visual Studio Solution File, Format Version 12.00
# Visual Studio Version 17
VisualStudioVersion = 17.13.35931.197 d17.13
MinimumVisualStudioVersion = 10.0.40219.1
Project("{FAE04EC0-301F-11D3-BF4B-00C04F79EFBC}") = "ECommerceSystem.Web", "ECommerceSystem.Web\ECommerceSystem.Web.csproj", "{346FC6A5-B28E-4C8C-BC2F-05A88BE7A814}"
EndProject
Project("{FAE04EC0-301F-11D3-BF4B-00C04F79EFBC}") = "ECommerceSystem.Data", "ECommerceSystem.Data\ECommerceSystem.Data.csproj", "{80E2490A-B165-4900-81C8-A3F8D6838685}"
EndProject
Project("{FAE04EC0-301F-11D3-BF4B-00C04F79EFBC}") = "ECommerceSystem.Core", "ECommerceSystem.Core\ECommerceSystem.Core.csproj", "{389FF4ED-1DB4-4553-AF17-279438748E34}"
EndProject
Project("{FAE04EC0-301F-11D3-BF4B-00C04F79EFBC}") = "ECommerceSystem.Infrastructure", "ECommerceSystem.Infrastructure\ECommerceSystem.Infrastructure.csproj", "{6CD7EE68-82B5-4CE5-AB98-767D991A3972}"
EndProject
Project("{FAE04EC0-301F-11D3-BF4B-00C04F79EFBC}") = "ECommerceSystem.Services", "ECommerceSystem.Services\ECommerceSystem.Services.csproj", "{9F9B3452-A37E-48FE-9339-1DE137E62CE7}"
EndProject
Global
	GlobalSection(SolutionConfigurationPlatforms) = preSolution
		Debug|Any CPU = Debug|Any CPU
		Release|Any CPU = Release|Any CPU
	EndGlobalSection
	GlobalSection(ProjectConfigurationPlatforms) = postSolution
		{346FC6A5-B28E-4C8C-BC2F-05A88BE7A814}.Debug|Any CPU.ActiveCfg = Debug|Any CPU
		{346FC6A5-B28E-4C8C-BC2F-05A88BE7A814}.Debug|Any CPU.Build.0 = Debug|Any CPU
		{346FC6A5-B28E-4C8C-BC2F-05A88BE7A814}.Release|Any CPU.ActiveCfg = Release|Any CPU
		{346FC6A5-B28E-4C8C-BC2F-05A88BE7A814}.Release|Any CPU.Build.0 = Release|Any CPU
		{80E2490A-B165-4900-81C8-A3F8D6838685}.Debug|Any CPU.ActiveCfg = Debug|Any CPU
		{80E2490A-B165-4900-81C8-A3F8D6838685}.Debug|Any CPU.Build.0 = Debug|Any CPU
		{80E2490A-B165-4900-81C8-A3F8D6838685}.Release|Any CPU.ActiveCfg = Release|Any CPU
		{80E2490A-B165-4900-81C8-A3F8D6838685}.Release|Any CPU.Build.0 = Release|Any CPU
		{389FF4ED-1DB4-4553-AF17-279438748E34}.Debug|Any CPU.ActiveCfg = Debug|Any CPU
		{389FF4ED-1DB4-4553-AF17-279438748E34}.Debug|Any CPU.Build.0 = Debug|Any CPU
		{389FF4ED-1DB4-4553-AF17-279438748E34}.Release|Any CPU.ActiveCfg = Release|Any CPU
		{389FF4ED-1DB4-4553-AF17-279438748E34}.Release|Any CPU.Build.0 = Release|Any CPU
		{6CD7EE68-82B5-4CE5-AB98-767D991A3972}.Debug|Any CPU.ActiveCfg = Debug|Any CPU
		{6CD7EE68-82B5-4CE5-AB98-767D991A3972}.Debug|Any CPU.Build.0 = Debug|Any CPU
		{6CD7EE68-82B5-4CE5-AB98-767D991A3972}.Release|Any CPU.ActiveCfg = Release|Any CPU
		{6CD7EE68-82B5-4CE5-AB98-767D991A3972}.Release|Any CPU.Build.0 = Release|Any CPU
		{9F9B3452-A37E-48FE-9339-1DE137E62CE7}.Debug|Any CPU.ActiveCfg = Debug|Any CPU
		{9F9B3452-A37E-48FE-9339-1DE137E62CE7}.Debug|Any CPU.Build.0 = Debug|Any CPU
		{9F9B3452-A37E-48FE-9339-1DE137E62CE7}.Release|Any CPU.ActiveCfg = Release|Any CPU
		{9F9B3452-A37E-48FE-9339-1DE137E62CE7}.Release|Any CPU.Build.0 = Release|Any CPU
	EndGlobalSection
	GlobalSection(SolutionProperties) = preSolution
		HideSolutionNode = FALSE
	EndGlobalSection
	GlobalSection(ExtensibilityGlobals) = postSolution
		SolutionGuid = {4E67254B-0AD3-45F2-A6D0-5B7BECEEC0BF}
	EndGlobalSection
EndGlobal
